Microsoft Visual Studio Solution File, Format Version 12.00
# Visual Studio Version 17
VisualStudioVersion = 17.0.31903.59
MinimumVisualStudioVersion = 10.0.40219.1
Project("{FAE04EC0-301F-11D3-BF4B-00C04F79EFBC}") = "MetaType.Core", "MetaType.Core\MetaType.Core.csproj", "{E1626A38-89DA-4B52-B8C5-9D98E6F056A4}"
EndProject
Project("{FAE04EC0-301F-11D3-BF4B-00C04F79EFBC}") = "MetaType.Cli", "MetaType.Cli\MetaType.Cli.csproj", "{70245F6D-A2D7-4CB6-BFE2-1A6B1795C913}"
EndProject
Project("{FAE04EC0-301F-11D3-BF4B-00C04F79EFBC}") = "MetaType.Tests", "MetaType.Tests\MetaType.Tests.csproj", "{97A7908D-12AD-4D19-8569-5E338675300A}"
EndProject
Global
	GlobalSection(SolutionConfigurationPlatforms) = preSolution
		Debug|Any CPU = Debug|Any CPU
		Release|Any CPU = Release|Any CPU
	EndGlobalSection
	GlobalSection(SolutionProperties) = preSolution
		HideSolutionNode = FALSE
	EndGlobalSection
	GlobalSection(ProjectConfigurationPlatforms) = postSolution
		{E1626A38-89DA-4B52-B8C5-9D98E6F056A4}.Debug|Any CPU.ActiveCfg = Debug|Any CPU
		{E1626A38-89DA-4B52-B8C5-9D98E6F056A4}.Debug|Any CPU.Build.0 = Debug|Any CPU
		{E1626A38-89DA-4B52-B8C5-9D98E6F056A4}.Release|Any CPU.ActiveCfg = Release|Any CPU
		{E1626A38-89DA-4B52-B8C5-9D98E6F056A4}.Release|Any CPU.Build.0 = Release|Any CPU
		{70245F6D-A2D7-4CB6-BFE2-1A6B1795C913}.Debug|Any CPU.ActiveCfg = Debug|Any CPU
		{70245F6D-A2D7-4CB6-BFE2-1A6B1795C913}.Debug|Any CPU.Build.0 = Debug|Any CPU
		{70245F6D-A2D7-4CB6-BFE2-1A6B1795C913}.Release|Any CPU.ActiveCfg = Release|Any CPU
		{70245F6D-A2D7-4CB6-BFE2-1A6B1795C913}.Release|Any CPU.Build.0 = Release|Any CPU
		{97A7908D-12AD-4D19-8569-5E338675300A}.Debug|Any CPU.ActiveCfg = Debug|Any CPU
		{97A7908D-12AD-4D19-8569-5E338675300A}.Debug|Any CPU.Build.0 = Debug|Any CPU
		{97A7908D-12AD-4D19-8569-5E338675300A}.Release|Any CPU.ActiveCfg = Release|Any CPU
		{97A7908D-12AD-4D19-8569-5E338675300A}.Release|Any CPU.Build.0 = Release|Any CPU
	EndGlobalSection
EndGlobal
