
Microsoft Visual Studio Solution File, Format Version 12.00
# Visual Studio Version 17
VisualStudioVersion = 17.0.31903.59
MinimumVisualStudioVersion = 10.0.40219.1
Project("{FAE04EC0-301F-11D3-BF4B-00C04F79EFBC}") = "MetaSchema.Core", "MetaSchema\Core\MetaSchema.Core.csproj", "{5B892D6C-B6E7-4A35-BC8F-488505387872}"
EndProject
Project("{FAE04EC0-301F-11D3-BF4B-00C04F79EFBC}") = "MetaSchema.Extractors.SqlServer", "MetaSchema\Extractors.SqlServer\MetaSchema.Extractors.SqlServer.csproj", "{DCAF566D-B1C8-4A20-ACBA-A4FCAD200BD8}"
EndProject
Project("{FAE04EC0-301F-11D3-BF4B-00C04F79EFBC}") = "MetaSchema.Cli", "MetaSchema\Cli\MetaSchema.Cli.csproj", "{859E0FE3-67D5-46AC-B403-8DF5062589AC}"
EndProject
Project("{FAE04EC0-301F-11D3-BF4B-00C04F79EFBC}") = "MetaSchema.Tests", "MetaSchema\Tests\MetaSchema.Tests.csproj", "{3AFAF730-13FD-497B-89EA-A81646893B25}"
EndProject
Project("{FAE04EC0-301F-11D3-BF4B-00C04F79EFBC}") = "MetaSchema.Tooling", "MetaSchema\Tooling\MetaSchema.Tooling.csproj", "{B61DF880-CA14-4B7B-B7D1-F2E79D35FB85}"
EndProject
Project("{FAE04EC0-301F-11D3-BF4B-00C04F79EFBC}") = "MetaSchema.Instance", "MetaSchema\Instance\MetaSchema.Instance.csproj", "{483D2D68-AFD8-47FB-B63A-151C74894151}"
EndProject
Global
	GlobalSection(SolutionConfigurationPlatforms) = preSolution
		Debug|Any CPU = Debug|Any CPU
		Release|Any CPU = Release|Any CPU
	EndGlobalSection
	GlobalSection(SolutionProperties) = preSolution
		HideSolutionNode = FALSE
	EndGlobalSection
	GlobalSection(ProjectConfigurationPlatforms) = postSolution
		{5B892D6C-B6E7-4A35-BC8F-488505387872}.Debug|Any CPU.ActiveCfg = Debug|Any CPU
		{5B892D6C-B6E7-4A35-BC8F-488505387872}.Debug|Any CPU.Build.0 = Debug|Any CPU
		{5B892D6C-B6E7-4A35-BC8F-488505387872}.Release|Any CPU.ActiveCfg = Release|Any CPU
		{5B892D6C-B6E7-4A35-BC8F-488505387872}.Release|Any CPU.Build.0 = Release|Any CPU
		{DCAF566D-B1C8-4A20-ACBA-A4FCAD200BD8}.Debug|Any CPU.ActiveCfg = Debug|Any CPU
		{DCAF566D-B1C8-4A20-ACBA-A4FCAD200BD8}.Debug|Any CPU.Build.0 = Debug|Any CPU
		{DCAF566D-B1C8-4A20-ACBA-A4FCAD200BD8}.Release|Any CPU.ActiveCfg = Release|Any CPU
		{DCAF566D-B1C8-4A20-ACBA-A4FCAD200BD8}.Release|Any CPU.Build.0 = Release|Any CPU
		{859E0FE3-67D5-46AC-B403-8DF5062589AC}.Debug|Any CPU.ActiveCfg = Debug|Any CPU
		{859E0FE3-67D5-46AC-B403-8DF5062589AC}.Debug|Any CPU.Build.0 = Debug|Any CPU
		{859E0FE3-67D5-46AC-B403-8DF5062589AC}.Release|Any CPU.ActiveCfg = Release|Any CPU
		{859E0FE3-67D5-46AC-B403-8DF5062589AC}.Release|Any CPU.Build.0 = Release|Any CPU
		{3AFAF730-13FD-497B-89EA-A81646893B25}.Debug|Any CPU.ActiveCfg = Debug|Any CPU
		{3AFAF730-13FD-497B-89EA-A81646893B25}.Debug|Any CPU.Build.0 = Debug|Any CPU
		{3AFAF730-13FD-497B-89EA-A81646893B25}.Release|Any CPU.ActiveCfg = Release|Any CPU
		{3AFAF730-13FD-497B-89EA-A81646893B25}.Release|Any CPU.Build.0 = Release|Any CPU
		{B61DF880-CA14-4B7B-B7D1-F2E79D35FB85}.Debug|Any CPU.ActiveCfg = Debug|Any CPU
		{B61DF880-CA14-4B7B-B7D1-F2E79D35FB85}.Debug|Any CPU.Build.0 = Debug|Any CPU
		{B61DF880-CA14-4B7B-B7D1-F2E79D35FB85}.Release|Any CPU.ActiveCfg = Release|Any CPU
		{B61DF880-CA14-4B7B-B7D1-F2E79D35FB85}.Release|Any CPU.Build.0 = Release|Any CPU
		{483D2D68-AFD8-47FB-B63A-151C74894151}.Debug|Any CPU.ActiveCfg = Debug|Any CPU
		{483D2D68-AFD8-47FB-B63A-151C74894151}.Debug|Any CPU.Build.0 = Debug|Any CPU
		{483D2D68-AFD8-47FB-B63A-151C74894151}.Release|Any CPU.ActiveCfg = Release|Any CPU
		{483D2D68-AFD8-47FB-B63A-151C74894151}.Release|Any CPU.Build.0 = Release|Any CPU
	EndGlobalSection
EndGlobal
