
Microsoft Visual Studio Solution File, Format Version 12.00
# Visual Studio Version 17
VisualStudioVersion = 17.0.31903.59
MinimumVisualStudioVersion = 10.0.40219.1
Project("{2150E333-8FDC-42A3-9474-1A3956D46DE8}") = "MetaTransform", "MetaTransform", "{B6911CE5-5D8A-46E3-BAE1-AF8F1F4EFAF3}"
EndProject
Project("{2150E333-8FDC-42A3-9474-1A3956D46DE8}") = "Pattern", "Pattern", "{5389B165-1300-48A5-83D3-A754543C2C9B}"
EndProject
Project("{FAE04EC0-301F-11D3-BF4B-00C04F79EFBC}") = "MetaTransformPattern.Core", "MetaTransform\Pattern\Core\MetaTransformPattern.Core.csproj", "{57F63E69-29B6-46D6-8857-261E2B46C374}"
EndProject
Project("{FAE04EC0-301F-11D3-BF4B-00C04F79EFBC}") = "MetaTransformPattern.Cli", "MetaTransform\Pattern\Cli\MetaTransformPattern.Cli.csproj", "{4D805C0B-E88F-4D32-8AC7-ADE853A5EAD3}"
EndProject
Project("{2150E333-8FDC-42A3-9474-1A3956D46DE8}") = "MetaSqlScript", "MetaSqlScript", "{95DDC45D-251D-4AC3-B965-7039B5A2BEA7}"
EndProject
Project("{FAE04EC0-301F-11D3-BF4B-00C04F79EFBC}") = "MetaSqlScript.Core", "MetaSqlScript\Core\MetaSqlScript.Core.csproj", "{5EC0AA31-40C4-40E9-BD76-521B4D537D8E}"
EndProject
Project("{2150E333-8FDC-42A3-9474-1A3956D46DE8}") = "MetaConvert", "MetaConvert", "{8FF7DBD3-DFA6-4DE5-AC65-317933720DFA}"
EndProject
Project("{FAE04EC0-301F-11D3-BF4B-00C04F79EFBC}") = "MetaConvert.TransformPatternToSqlScript", "MetaConvert\TransformPatternToSqlScript\MetaConvert.TransformPatternToSqlScript.csproj", "{42374C81-B585-4CEA-8617-B7FB77933CB9}"
EndProject
Project("{2150E333-8FDC-42A3-9474-1A3956D46DE8}") = "Script", "Script", "{A77ADDD4-F7E7-426D-8A80-3367CE4BCAC0}"
EndProject
Project("{FAE04EC0-301F-11D3-BF4B-00C04F79EFBC}") = "MetaTransformScript.Sql", "MetaTransform\Script\Sql\MetaTransformScript.Sql.csproj", "{606C29A7-D630-48B2-AAE9-466FDCD5C197}"
EndProject
Project("{FAE04EC0-301F-11D3-BF4B-00C04F79EFBC}") = "MetaTransformScript.Tests", "MetaTransform\Script\Tests\MetaTransformScript.Tests.csproj", "{EA69EEDA-BFEA-4131-9611-B7924B3EBD06}"
EndProject
Project("{FAE04EC0-301F-11D3-BF4B-00C04F79EFBC}") = "MetaConvert.Cli", "MetaConvert\Cli\MetaConvert.Cli.csproj", "{67FABFA3-4A0D-4EDA-B1AD-168D85252429}"
EndProject
Project("{FAE04EC0-301F-11D3-BF4B-00C04F79EFBC}") = "MetaTransformScript.Cli", "MetaTransform\Script\Cli\MetaTransformScript.Cli.csproj", "{BEC8E0E5-710E-41B2-A5E0-AFE3F8871AE5}"
EndProject
Project("{2150E333-8FDC-42A3-9474-1A3956D46DE8}") = "PatternInstance", "PatternInstance", "{BA171F4C-C6CF-4108-88B1-0EACEE4596E2}"
EndProject
Project("{FAE04EC0-301F-11D3-BF4B-00C04F79EFBC}") = "MetaTransformPatternInstance.Core", "MetaTransform\PatternInstance\Core\MetaTransformPatternInstance.Core.csproj", "{A4298C74-32E5-4B9F-9339-9024A0CFE4CE}"
EndProject
Global
	GlobalSection(SolutionConfigurationPlatforms) = preSolution
		Debug|Any CPU = Debug|Any CPU
		Release|Any CPU = Release|Any CPU
	EndGlobalSection
	GlobalSection(SolutionProperties) = preSolution
		HideSolutionNode = FALSE
	EndGlobalSection
	GlobalSection(ProjectConfigurationPlatforms) = postSolution
		{57F63E69-29B6-46D6-8857-261E2B46C374}.Debug|Any CPU.ActiveCfg = Debug|Any CPU
		{57F63E69-29B6-46D6-8857-261E2B46C374}.Debug|Any CPU.Build.0 = Debug|Any CPU
		{57F63E69-29B6-46D6-8857-261E2B46C374}.Release|Any CPU.ActiveCfg = Release|Any CPU
		{57F63E69-29B6-46D6-8857-261E2B46C374}.Release|Any CPU.Build.0 = Release|Any CPU
		{4D805C0B-E88F-4D32-8AC7-ADE853A5EAD3}.Debug|Any CPU.ActiveCfg = Debug|Any CPU
		{4D805C0B-E88F-4D32-8AC7-ADE853A5EAD3}.Debug|Any CPU.Build.0 = Debug|Any CPU
		{4D805C0B-E88F-4D32-8AC7-ADE853A5EAD3}.Release|Any CPU.ActiveCfg = Release|Any CPU
		{4D805C0B-E88F-4D32-8AC7-ADE853A5EAD3}.Release|Any CPU.Build.0 = Release|Any CPU
		{5EC0AA31-40C4-40E9-BD76-521B4D537D8E}.Debug|Any CPU.ActiveCfg = Debug|Any CPU
		{5EC0AA31-40C4-40E9-BD76-521B4D537D8E}.Debug|Any CPU.Build.0 = Debug|Any CPU
		{5EC0AA31-40C4-40E9-BD76-521B4D537D8E}.Release|Any CPU.ActiveCfg = Release|Any CPU
		{5EC0AA31-40C4-40E9-BD76-521B4D537D8E}.Release|Any CPU.Build.0 = Release|Any CPU
		{42374C81-B585-4CEA-8617-B7FB77933CB9}.Debug|Any CPU.ActiveCfg = Debug|Any CPU
		{42374C81-B585-4CEA-8617-B7FB77933CB9}.Debug|Any CPU.Build.0 = Debug|Any CPU
		{42374C81-B585-4CEA-8617-B7FB77933CB9}.Release|Any CPU.ActiveCfg = Release|Any CPU
		{42374C81-B585-4CEA-8617-B7FB77933CB9}.Release|Any CPU.Build.0 = Release|Any CPU
		{606C29A7-D630-48B2-AAE9-466FDCD5C197}.Debug|Any CPU.ActiveCfg = Debug|Any CPU
		{606C29A7-D630-48B2-AAE9-466FDCD5C197}.Debug|Any CPU.Build.0 = Debug|Any CPU
		{606C29A7-D630-48B2-AAE9-466FDCD5C197}.Release|Any CPU.ActiveCfg = Release|Any CPU
		{606C29A7-D630-48B2-AAE9-466FDCD5C197}.Release|Any CPU.Build.0 = Release|Any CPU
		{EA69EEDA-BFEA-4131-9611-B7924B3EBD06}.Debug|Any CPU.ActiveCfg = Debug|Any CPU
		{EA69EEDA-BFEA-4131-9611-B7924B3EBD06}.Debug|Any CPU.Build.0 = Debug|Any CPU
		{EA69EEDA-BFEA-4131-9611-B7924B3EBD06}.Release|Any CPU.ActiveCfg = Release|Any CPU
		{EA69EEDA-BFEA-4131-9611-B7924B3EBD06}.Release|Any CPU.Build.0 = Release|Any CPU
		{67FABFA3-4A0D-4EDA-B1AD-168D85252429}.Debug|Any CPU.ActiveCfg = Debug|Any CPU
		{67FABFA3-4A0D-4EDA-B1AD-168D85252429}.Debug|Any CPU.Build.0 = Debug|Any CPU
		{67FABFA3-4A0D-4EDA-B1AD-168D85252429}.Release|Any CPU.ActiveCfg = Release|Any CPU
		{67FABFA3-4A0D-4EDA-B1AD-168D85252429}.Release|Any CPU.Build.0 = Release|Any CPU
		{BEC8E0E5-710E-41B2-A5E0-AFE3F8871AE5}.Debug|Any CPU.ActiveCfg = Debug|Any CPU
		{BEC8E0E5-710E-41B2-A5E0-AFE3F8871AE5}.Debug|Any CPU.Build.0 = Debug|Any CPU
		{BEC8E0E5-710E-41B2-A5E0-AFE3F8871AE5}.Release|Any CPU.ActiveCfg = Release|Any CPU
		{BEC8E0E5-710E-41B2-A5E0-AFE3F8871AE5}.Release|Any CPU.Build.0 = Release|Any CPU
		{A4298C74-32E5-4B9F-9339-9024A0CFE4CE}.Debug|Any CPU.ActiveCfg = Debug|Any CPU
		{A4298C74-32E5-4B9F-9339-9024A0CFE4CE}.Debug|Any CPU.Build.0 = Debug|Any CPU
		{A4298C74-32E5-4B9F-9339-9024A0CFE4CE}.Release|Any CPU.ActiveCfg = Release|Any CPU
		{A4298C74-32E5-4B9F-9339-9024A0CFE4CE}.Release|Any CPU.Build.0 = Release|Any CPU
	EndGlobalSection
	GlobalSection(NestedProjects) = preSolution
		{5389B165-1300-48A5-83D3-A754543C2C9B} = {B6911CE5-5D8A-46E3-BAE1-AF8F1F4EFAF3}
		{57F63E69-29B6-46D6-8857-261E2B46C374} = {5389B165-1300-48A5-83D3-A754543C2C9B}
		{4D805C0B-E88F-4D32-8AC7-ADE853A5EAD3} = {5389B165-1300-48A5-83D3-A754543C2C9B}
		{5EC0AA31-40C4-40E9-BD76-521B4D537D8E} = {95DDC45D-251D-4AC3-B965-7039B5A2BEA7}
		{42374C81-B585-4CEA-8617-B7FB77933CB9} = {8FF7DBD3-DFA6-4DE5-AC65-317933720DFA}
		{A77ADDD4-F7E7-426D-8A80-3367CE4BCAC0} = {B6911CE5-5D8A-46E3-BAE1-AF8F1F4EFAF3}
		{606C29A7-D630-48B2-AAE9-466FDCD5C197} = {A77ADDD4-F7E7-426D-8A80-3367CE4BCAC0}
		{EA69EEDA-BFEA-4131-9611-B7924B3EBD06} = {A77ADDD4-F7E7-426D-8A80-3367CE4BCAC0}
		{67FABFA3-4A0D-4EDA-B1AD-168D85252429} = {8FF7DBD3-DFA6-4DE5-AC65-317933720DFA}
		{BEC8E0E5-710E-41B2-A5E0-AFE3F8871AE5} = {A77ADDD4-F7E7-426D-8A80-3367CE4BCAC0}
		{BA171F4C-C6CF-4108-88B1-0EACEE4596E2} = {B6911CE5-5D8A-46E3-BAE1-AF8F1F4EFAF3}
		{A4298C74-32E5-4B9F-9339-9024A0CFE4CE} = {BA171F4C-C6CF-4108-88B1-0EACEE4596E2}
	EndGlobalSection
EndGlobal
