Microsoft Visual Studio Solution File, Format Version 12.00
# Visual Studio Version 17
VisualStudioVersion = 17.0.31903.59
MinimumVisualStudioVersion = 10.0.40219.1
Project("{FAE04EC0-301F-11D3-BF4B-00C04F79EFBC}") = "MetaDataVault.Core", "MetaDataVault.Core\MetaDataVault.Core.csproj", "{FBDFD26B-BB95-46BE-B83F-286E8B9BD0A2}"
EndProject
Project("{FAE04EC0-301F-11D3-BF4B-00C04F79EFBC}") = "MetaDataVault.Cli", "MetaDataVault.Cli\MetaDataVault.Cli.csproj", "{4DB3506E-6973-46CF-9408-CE246162151F}"
EndProject
Project("{FAE04EC0-301F-11D3-BF4B-00C04F79EFBC}") = "MetaDataVault.Tests", "MetaDataVault.Tests\MetaDataVault.Tests.csproj", "{5841985A-708B-42B4-9618-93756E0F8B6B}"
EndProject
Global
	GlobalSection(SolutionConfigurationPlatforms) = preSolution
		Debug|Any CPU = Debug|Any CPU
		Release|Any CPU = Release|Any CPU
	EndGlobalSection
	GlobalSection(SolutionProperties) = preSolution
		HideSolutionNode = FALSE
	EndGlobalSection
	GlobalSection(ProjectConfigurationPlatforms) = postSolution
		{FBDFD26B-BB95-46BE-B83F-286E8B9BD0A2}.Debug|Any CPU.ActiveCfg = Debug|Any CPU
		{FBDFD26B-BB95-46BE-B83F-286E8B9BD0A2}.Debug|Any CPU.Build.0 = Debug|Any CPU
		{FBDFD26B-BB95-46BE-B83F-286E8B9BD0A2}.Release|Any CPU.ActiveCfg = Release|Any CPU
		{FBDFD26B-BB95-46BE-B83F-286E8B9BD0A2}.Release|Any CPU.Build.0 = Release|Any CPU
		{4DB3506E-6973-46CF-9408-CE246162151F}.Debug|Any CPU.ActiveCfg = Debug|Any CPU
		{4DB3506E-6973-46CF-9408-CE246162151F}.Debug|Any CPU.Build.0 = Debug|Any CPU
		{4DB3506E-6973-46CF-9408-CE246162151F}.Release|Any CPU.ActiveCfg = Release|Any CPU
		{4DB3506E-6973-46CF-9408-CE246162151F}.Release|Any CPU.Build.0 = Release|Any CPU
		{5841985A-708B-42B4-9618-93756E0F8B6B}.Debug|Any CPU.ActiveCfg = Debug|Any CPU
		{5841985A-708B-42B4-9618-93756E0F8B6B}.Debug|Any CPU.Build.0 = Debug|Any CPU
		{5841985A-708B-42B4-9618-93756E0F8B6B}.Release|Any CPU.ActiveCfg = Release|Any CPU
		{5841985A-708B-42B4-9618-93756E0F8B6B}.Release|Any CPU.Build.0 = Release|Any CPU
	EndGlobalSection
EndGlobal
